
Microsoft Visual Studio Solution File, Format Version 12.00
# Visual Studio Version 16
VisualStudioVersion = 16.0.30309.148
MinimumVisualStudioVersion = 10.0.40219.1
Project("{FAE04EC0-301F-11D3-BF4B-00C04F79EFBC}") = "VacacionesTesisApp.Server", "VacacionesTesisApp\Server\VacacionesTesisApp.Server.csproj", "{A3A3996D-DCBA-4B0B-906D-542ACA112361}"
EndProject
Project("{FAE04EC0-301F-11D3-BF4B-00C04F79EFBC}") = "VacacionesTesisApp.Client", "VacacionesTesisApp\Client\VacacionesTesisApp.Client.csproj", "{05E99B36-3E33-4D66-A3D2-87CE81E0D6EB}"
EndProject
Project("{FAE04EC0-301F-11D3-BF4B-00C04F79EFBC}") = "VacacionesTesisApp.Shared", "VacacionesTesisApp\Shared\VacacionesTesisApp.Shared.csproj", "{2418EB17-EE62-4C82-8AEE-EF56438C6D4E}"
EndProject
Global
	GlobalSection(SolutionConfigurationPlatforms) = preSolution
		Debug|Any CPU = Debug|Any CPU
		Release|Any CPU = Release|Any CPU
	EndGlobalSection
	GlobalSection(ProjectConfigurationPlatforms) = postSolution
		{A3A3996D-DCBA-4B0B-906D-542ACA112361}.Debug|Any CPU.ActiveCfg = Debug|Any CPU
		{A3A3996D-DCBA-4B0B-906D-542ACA112361}.Debug|Any CPU.Build.0 = Debug|Any CPU
		{A3A3996D-DCBA-4B0B-906D-542ACA112361}.Release|Any CPU.ActiveCfg = Release|Any CPU
		{A3A3996D-DCBA-4B0B-906D-542ACA112361}.Release|Any CPU.Build.0 = Release|Any CPU
		{05E99B36-3E33-4D66-A3D2-87CE81E0D6EB}.Debug|Any CPU.ActiveCfg = Debug|Any CPU
		{05E99B36-3E33-4D66-A3D2-87CE81E0D6EB}.Debug|Any CPU.Build.0 = Debug|Any CPU
		{05E99B36-3E33-4D66-A3D2-87CE81E0D6EB}.Release|Any CPU.ActiveCfg = Release|Any CPU
		{05E99B36-3E33-4D66-A3D2-87CE81E0D6EB}.Release|Any CPU.Build.0 = Release|Any CPU
		{2418EB17-EE62-4C82-8AEE-EF56438C6D4E}.Debug|Any CPU.ActiveCfg = Debug|Any CPU
		{2418EB17-EE62-4C82-8AEE-EF56438C6D4E}.Debug|Any CPU.Build.0 = Debug|Any CPU
		{2418EB17-EE62-4C82-8AEE-EF56438C6D4E}.Release|Any CPU.ActiveCfg = Release|Any CPU
		{2418EB17-EE62-4C82-8AEE-EF56438C6D4E}.Release|Any CPU.Build.0 = Release|Any CPU
	EndGlobalSection
	GlobalSection(SolutionProperties) = preSolution
		HideSolutionNode = FALSE
	EndGlobalSection
	GlobalSection(ExtensibilityGlobals) = postSolution
		SolutionGuid = {132C04A7-0E03-4AF2-9A61-A169EADE7718}
	EndGlobalSection
EndGlobal
